// !$*UTF8*$!
{
	archiveVersion = 1;
	classes = {
	};
	objectVersion = 46;
	objects = {

/* Begin PBXBuildFile section */
		280006271DE2E92F00807A4B /* AppDelegate.swift in Sources */ = {isa = PBXBuildFile; fileRef = 280006261DE2E92F00807A4B /* AppDelegate.swift */; };
		280006291DE2E92F00807A4B /* ViewController.swift in Sources */ = {isa = PBXBuildFile; fileRef = 280006281DE2E92F00807A4B /* ViewController.swift */; };
		2800062C1DE2E92F00807A4B /* Main.storyboard in Resources */ = {isa = PBXBuildFile; fileRef = 2800062A1DE2E92F00807A4B /* Main.storyboard */; };
		2800062E1DE2E92F00807A4B /* Assets.xcassets in Resources */ = {isa = PBXBuildFile; fileRef = 2800062D1DE2E92F00807A4B /* Assets.xcassets */; };
		280006311DE2E92F00807A4B /* LaunchScreen.storyboard in Resources */ = {isa = PBXBuildFile; fileRef = 2800062F1DE2E92F00807A4B /* LaunchScreen.storyboard */; };
/* End PBXBuildFile section */

/* Begin PBXFileReference section */
		280006231DE2E92F00807A4B /* hxytest.app */ = {isa = PBXFileReference; explicitFileType = wrapper.application; includeInIndex = 0; path = hxytest.app; sourceTree = BUILT_PRODUCTS_DIR; };
		280006261DE2E92F00807A4B /* AppDelegate.swift */ = {isa = PBXFileReference; lastKnownFileType = sourcecode.swift; path = AppDelegate.swift; sourceTree = "<group>"; };
		280006281DE2E92F00807A4B /* ViewController.swift */ = {isa = PBXFileReference; lastKnownFileType = sourcecode.swift; path = ViewController.swift; sourceTree = "<group>"; };
		2800062B1DE2E92F00807A4B /* Base */ = {isa = PBXFileReference; lastKnownFileType = file.storyboard; name = Base; path = Base.lproj/Main.storyboard; sourceTree = "<group>"; };
		2800062D1DE2E92F00807A4B /* Assets.xcassets */ = {isa = PBXFileReference; lastKnownFileType = folder.assetcatalog; path = Assets.xcassets; sourceTree = "<group>"; };
		280006301DE2E92F00807A4B /* Base */ = {isa = PBXFileReference; lastKnownFileType = file.storyboard; name = Base; path = Base.lproj/LaunchScreen.storyboard; sourceTree = "<group>"; };
		280006321DE2E92F00807A4B /* Info.plist */ = {isa = PBXFileReference; lastKnownFileType = text.plist.xml; path = Info.plist; sourceTree = "<group>"; };
/* End PBXFileReference section */

/* Begin PBXFrameworksBuildPhase section */
		280006201DE2E92F00807A4B /* Frameworks */ = {
			isa = PBXFrameworksBuildPhase;
			buildActionMask = 2147483647;
			files = (
			);
			runOnlyForDeploymentPostprocessing = 0;
		};
/* End PBXFrameworksBuildPhase section */

/* Begin PBXGroup section */
		2800061A1DE2E92F00807A4B = {
			isa = PBXGroup;
			children = (
				280006251DE2E92F00807A4B /* hxytest */,
				280006241DE2E92F00807A4B /* Products */,
			);
			sourceTree = "<group>";
		};
		280006241DE2E92F00807A4B /* Products */ = {
			isa = PBXGroup;
			children = (
				280006231DE2E92F00807A4B /* hxytest.app */,
			);
			name = Products;
			sourceTree = "<group>";
		};
		280006251DE2E92F00807A4B /* hxytest */ = {
			isa = PBXGroup;
			children = (
				280006261DE2E92F00807A4B /* AppDelegate.swift */,
				280006281DE2E92F00807A4B /* ViewController.swift */,
				2800062A1DE2E92F00807A4B /* Main.storyboard */,
				2800062D1DE2E92F00807A4B /* Assets.xcassets */,
				2800062F1DE2E92F00807A4B /* LaunchScreen.storyboard */,
				280006321DE2E92F00807A4B /* Info.plist */,
			);
			path = hxytest;
			sourceTree = "<group>";
		};
/* End PBXGroup section */

/* Begin PBXNativeTarget section */
		280006221DE2E92F00807A4B /* hxytest */ = {
			isa = PBXNativeTarget;
			buildConfigurationList = 280006351DE2E92F00807A4B /* Build configuration list for PBXNativeTarget "hxytest" */;
			buildPhases = (
				2800061F1DE2E92F00807A4B /* Sources */,
				280006201DE2E92F00807A4B /* Frameworks */,
				280006211DE2E92F00807A4B /* Resources */,
			);
			buildRules = (
			);
			dependencies = (
			);
			name = hxytest;
			productName = hxytest;
			productReference = 280006231DE2E92F00807A4B /* hxytest.app */;
			productType = "com.apple.product-type.application";
		};
/* End PBXNativeTarget section */

/* Begin PBXProject section */
		2800061B1DE2E92F00807A4B /* Project object */ = {
			isa = PBXProject;
			attributes = {
				LastSwiftUpdateCheck = 0810;
				LastUpgradeCheck = 0810;
				ORGANIZATIONNAME = xiyanhu;
				TargetAttributes = {
					280006221DE2E92F00807A4B = {
						CreatedOnToolsVersion = 8.1;
						DevelopmentTeam = S3ASD3V323;
						ProvisioningStyle = Automatic;
					};
				};
			};
			buildConfigurationList = 2800061E1DE2E92F00807A4B /* Build configuration list for PBXProject "hxytest" */;
			compatibilityVersion = "Xcode 3.2";
			developmentRegion = English;
			hasScannedForEncodings = 0;
			knownRegions = (
				en,
				Base,
			);
			mainGroup = 2800061A1DE2E92F00807A4B;
			productRefGroup = 280006241DE2E92F00807A4B /* Products */;
			projectDirPath = "";
			projectRoot = "";
			targets = (
				280006221DE2E92F00807A4B /* hxytest */,
			);
		};
/* End PBXProject section */

/* Begin PBXResourcesBuildPhase section */
		280006211DE2E92F00807A4B /* Resources */ = {
			isa = PBXResourcesBuildPhase;
			buildActionMask = 2147483647;
			files = (
				280006311DE2E92F00807A4B /* LaunchScreen.storyboard in Resources */,
				2800062E1DE2E92F00807A4B /* Assets.xcassets in Resources */,
				2800062C1DE2E92F00807A4B /* Main.storyboard in Resources */,
			);
			runOnlyForDeploymentPostprocessing = 0;
		};
/* End PBXResourcesBuildPhase section */

/* Begin PBXSourcesBuildPhase section */
		2800061F1DE2E92F00807A4B /* Sources */ = {
			isa = PBXSourcesBuildPhase;
			buildActionMask = 2147483647;
			files = (
				280006291DE2E92F00807A4B /* ViewController.swift in Sources */,
				280006271DE2E92F00807A4B /* AppDelegate.swift in Sources */,
			);
			runOnlyForDeploymentPostprocessing = 0;
		};
/* End PBXSourcesBuildPhase section */

/* Begin PBXVariantGroup section */
		2800062A1DE2E92F00807A4B /* Main.storyboard */ = {
			isa = PBXVariantGroup;
			children = (
				2800062B1DE2E92F00807A4B /* Base */,
			);
			name = Main.storyboard;
			sourceTree = "<group>";
		};
		2800062F1DE2E92F00807A4B /* LaunchScreen.storyboard */ = {
			isa = PBXVariantGroup;
			children = (
				280006301DE2E92F00807A4B /* Base */,
			);
			name = LaunchScreen.storyboard;
			sourceTree = "<group>";
		};
/* End PBXVariantGroup section */

/* Begin XCBuildConfiguration section */
		280006331DE2E92F00807A4B /* Debug */ = {
			isa = XCBuildConfiguration;
			buildSettings = {
				ALWAYS_SEARCH_USER_PATHS = NO;
				CLANG_ANALYZER_NONNULL = YES;
				CLANG_CXX_LANGUAGE_STANDARD = "gnu++0x";
				CLANG_CXX_LIBRARY = "libc++";
				CLANG_ENABLE_MODULES = YES;
				CLANG_ENABLE_OBJC_ARC = YES;
				CLANG_WARN_BOOL_CONVERSION = YES;
				CLANG_WARN_CONSTANT_CONVERSION = YES;
				CLANG_WARN_DIRECT_OBJC_ISA_USAGE = YES_ERROR;
				CLANG_WARN_DOCUMENTATION_COMMENTS = YES;
				CLANG_WARN_EMPTY_BODY = YES;
				CLANG_WARN_ENUM_CONVERSION = YES;
				CLANG_WARN_INFINITE_RECURSION = YES;
				CLANG_WARN_INT_CONVERSION = YES;
				CLANG_WARN_OBJC_ROOT_CLASS = YES_ERROR;
				CLANG_WARN_SUSPICIOUS_MOVES = YES;
				CLANG_WARN_UNREACHABLE_CODE = YES;
				CLANG_WARN__DUPLICATE_METHOD_MATCH = YES;
				"CODE_SIGN_IDENTITY[sdk=iphoneos*]" = "iPhone Developer";
				COPY_PHASE_STRIP = NO;
				DEBUG_INFORMATION_FORMAT = dwarf;
				ENABLE_STRICT_OBJC_MSGSEND = YES;
				ENABLE_TESTABILITY = YES;
				GCC_C_LANGUAGE_STANDARD = gnu99;
				GCC_DYNAMIC_NO_PIC = NO;
				GCC_NO_COMMON_BLOCKS = YES;
				GCC_OPTIMIZATION_LEVEL = 0;
				GCC_PREPROCESSOR_DEFINITIONS = (
					"DEBUG=1",
					"$(inherited)",
				);
				GCC_WARN_64_TO_32_BIT_CONVERSION = YES;
				GCC_WARN_ABOUT_RETURN_TYPE = YES_ERROR;
				GCC_WARN_UNDECLARED_SELECTOR = YES;
				GCC_WARN_UNINITIALIZED_AUTOS = YES_AGGRESSIVE;
				GCC_WARN_UNUSED_FUNCTION = YES;
				GCC_WARN_UNUSED_VARIABLE = YES;
				IPHONEOS_DEPLOYMENT_TARGET = 10.1;
				MTL_ENABLE_DEBUG_INFO = YES;
				ONLY_ACTIVE_ARCH = YES;
				SDKROOT = iphoneos;
				SWIFT_ACTIVE_COMPILATION_CONDITIONS = DEBUG;
				SWIFT_OPTIMIZATION_LEVEL = "-Onone";
				TARGETED_DEVICE_FAMILY = "1,2";
			};
			name = Debug;
		};
		280006341DE2E92F00807A4B /* Release */ = {
			isa = XCBuildConfiguration;
			buildSettings = {
				ALWAYS_SEARCH_USER_PATHS = NO;
				CLANG_ANALYZER_NONNULL = YES;
				CLANG_CXX_LANGUAGE_STANDARD = "gnu++0x";
				CLANG_CXX_LIBRARY = "libc++";
				CLANG_ENABLE_MODULES = YES;
				CLANG_ENABLE_OBJC_ARC = YES;
				CLANG_WARN_BOOL_CONVERSION = YES;
				CLANG_WARN_CONSTANT_CONVERSION = YES;
				CLANG_WARN_DIRECT_OBJC_ISA_USAGE = YES_ERROR;
				CLANG_WARN_DOCUMENTATION_COMMENTS = YES;
				CLANG_WARN_EMPTY_BODY = YES;
				CLANG_WARN_ENUM_CONVERSION = YES;
				CLANG_WARN_INFINITE_RECURSION = YES;
				CLANG_WARN_INT_CONVERSION = YES;
				CLANG_WARN_OBJC_ROOT_CLASS = YES_ERROR;
				CLANG_WARN_SUSPICIOUS_MOVES = YES;
				CLANG_WARN_UNREACHABLE_CODE = YES;
				CLANG_WARN__DUPLICATE_METHOD_MATCH = YES;
				"CODE_SIGN_IDENTITY[sdk=iphoneos*]" = "iPhone Developer";
				COPY_PHASE_STRIP = NO;
				DEBUG_INFORMATION_FORMAT = "dwarf-with-dsym";
				ENABLE_NS_ASSERTIONS = NO;
				ENABLE_STRICT_OBJC_MSGSEND = YES;
				GCC_C_LANGUAGE_STANDARD = gnu99;
				GCC_NO_COMMON_BLOCKS = YES;
				GCC_WARN_64_TO_32_BIT_CONVERSION = YES;
				GCC_WARN_ABOUT_RETURN_TYPE = YES_ERROR;
				GCC_WARN_UNDECLARED_SELECTOR = YES;
				GCC_WARN_UNINITIALIZED_AUTOS = YES_AGGRESSIVE;
				GCC_WARN_UNUSED_FUNCTION = YES;
				GCC_WARN_UNUSED_VARIABLE = YES;
				IPHONEOS_DEPLOYMENT_TARGET = 10.1;
				MTL_ENABLE_DEBUG_INFO = NO;
				SDKROOT = iphoneos;
				SWIFT_OPTIMIZATION_LEVEL = "-Owholemodule";
				TARGETED_DEVICE_FAMILY = "1,2";
				VALIDATE_PRODUCT = YES;
			};
			name = Release;
		};
		280006361DE2E92F00807A4B /* Debug */ = {
			isa = XCBuildConfiguration;
			buildSettings = {
				ASSETCATALOG_COMPILER_APPICON_NAME = AppIcon;
				DEVELOPMENT_TEAM = S3ASD3V323;
				INFOPLIST_FILE = hxytest/Info.plist;
				LD_RUNPATH_SEARCH_PATHS = "$(inherited) @executable_path/Frameworks";
				PRODUCT_BUNDLE_IDENTIFIER = com.xiyanhu.hxytest;
				PRODUCT_NAME = "$(TARGET_NAME)";
				SWIFT_VERSION = 3.0;
			};
			name = Debug;
		};
		280006371DE2E92F00807A4B /* Release */ = {
			isa = XCBuildConfiguration;
			buildSettings = {
				ASSETCATALOG_COMPILER_APPICON_NAME = AppIcon;
				DEVELOPMENT_TEAM = S3ASD3V323;
				INFOPLIST_FILE = hxytest/Info.plist;
				LD_RUNPATH_SEARCH_PATHS = "$(inherited) @executable_path/Frameworks";
				PRODUCT_BUNDLE_IDENTIFIER = com.xiyanhu.hxytest;
				PRODUCT_NAME = "$(TARGET_NAME)";
				SWIFT_VERSION = 3.0;
			};
			name = Release;
		};
/* End XCBuildConfiguration section */

/* Begin XCConfigurationList section */
		2800061E1DE2E92F00807A4B /* Build configuration list for PBXProject "hxytest" */ = {
			isa = XCConfigurationList;
			buildConfigurations = (
				280006331DE2E92F00807A4B /* Debug */,
				280006341DE2E92F00807A4B /* Release */,
			);
			defaultConfigurationIsVisible = 0;
			defaultConfigurationName = Release;
		};
		280006351DE2E92F00807A4B /* Build configuration list for PBXNativeTarget "hxytest" */ = {
			isa = XCConfigurationList;
			buildConfigurations = (
				280006361DE2E92F00807A4B /* Debug */,
				280006371DE2E92F00807A4B /* Release */,
			);
			defaultConfigurationIsVisible = 0;
		};
/* End XCConfigurationList section */
	};
	rootObject = 2800061B1DE2E92F00807A4B /* Project object */;
}
